
Microsoft Visual Studio Solution File, Format Version 12.00
# Visual Studio 2017
Project("{FAE04EC0-301F-11D3-BF4B-00C04F79EFBC}") = "IndieProject.Plugins", "IndieProject.Plugins.csproj", "{ECFB7722-8CC9-A4B2-54B2-E4519CF1FC20}"
EndProject
Project("{FAE04EC0-301F-11D3-BF4B-00C04F79EFBC}") = "IndieProject.Editor.Plugins", "IndieProject.Editor.Plugins.csproj", "{3798B4B8-BFA6-4139-F1E9-1B8575FEC146}"
EndProject
Global
	GlobalSection(SolutionConfigurationPlatforms) = preSolution
		Debug|Any CPU = Debug|Any CPU
		Release|Any CPU = Release|Any CPU
	EndGlobalSection
	GlobalSection(ProjectConfigurationPlatforms) = postSolution
		{ECFB7722-8CC9-A4B2-54B2-E4519CF1FC20}.Debug|Any CPU.ActiveCfg = Debug|Any CPU
		{ECFB7722-8CC9-A4B2-54B2-E4519CF1FC20}.Debug|Any CPU.Build.0 = Debug|Any CPU
		{ECFB7722-8CC9-A4B2-54B2-E4519CF1FC20}.Release|Any CPU.ActiveCfg = Release|Any CPU
		{ECFB7722-8CC9-A4B2-54B2-E4519CF1FC20}.Release|Any CPU.Build.0 = Release|Any CPU
		{3798B4B8-BFA6-4139-F1E9-1B8575FEC146}.Debug|Any CPU.ActiveCfg = Debug|Any CPU
		{3798B4B8-BFA6-4139-F1E9-1B8575FEC146}.Debug|Any CPU.Build.0 = Debug|Any CPU
		{3798B4B8-BFA6-4139-F1E9-1B8575FEC146}.Release|Any CPU.ActiveCfg = Release|Any CPU
		{3798B4B8-BFA6-4139-F1E9-1B8575FEC146}.Release|Any CPU.Build.0 = Release|Any CPU
	EndGlobalSection
	GlobalSection(SolutionProperties) = preSolution
		HideSolutionNode = FALSE
	EndGlobalSection
EndGlobal
